
Microsoft Visual Studio Solution File, Format Version 12.00
# Visual Studio Version 17
VisualStudioVersion = 17.1.32414.318
MinimumVisualStudioVersion = 10.0.40219.1
Project("{9A19103F-16F7-4668-BE54-9A1E7A4F7556}") = "Simmental", "Simmental.csproj", "{CCD85EE8-C88D-4CD8-8F93-B8C24895F39B}"
EndProject
Project("{9A19103F-16F7-4668-BE54-9A1E7A4F7556}") = "Simmental.Game", "..\Simmental.Game\Simmental.Game.csproj", "{CD052F95-E989-4458-A6DA-2CCC534384EB}"
EndProject
Project("{9A19103F-16F7-4668-BE54-9A1E7A4F7556}") = "Simmental.UI", "..\Simmental.UI\Simmental.UI.csproj", "{699EE9C3-9E42-403B-9889-77A49A36EA45}"
EndProject
Project("{9A19103F-16F7-4668-BE54-9A1E7A4F7556}") = "Simmental.UI.WinForm", "..\Simmental.UI.WinForm\Simmental.UI.WinForm.csproj", "{EB1B7933-6267-4904-81E3-75A2759909CF}"
EndProject
Project("{9A19103F-16F7-4668-BE54-9A1E7A4F7556}") = "Simmental.Tests", "..\Simmental.Tests\Simmental.Tests.csproj", "{83418076-D13F-4B48-8A3D-FF5FE3F221DD}"
EndProject
Project("{2150E333-8FDC-42A3-9474-1A3956D46DE8}") = "Solution Items", "Solution Items", "{A124A3EF-2486-4B55-8304-92DCF39E011B}"
	ProjectSection(SolutionItems) = preProject
		.editorconfig = .editorconfig
		..\README.md = ..\README.md
	EndProjectSection
EndProject
Global
	GlobalSection(SolutionConfigurationPlatforms) = preSolution
		Debug|Any CPU = Debug|Any CPU
		Release|Any CPU = Release|Any CPU
	EndGlobalSection
	GlobalSection(ProjectConfigurationPlatforms) = postSolution
		{CCD85EE8-C88D-4CD8-8F93-B8C24895F39B}.Debug|Any CPU.ActiveCfg = Debug|Any CPU
		{CCD85EE8-C88D-4CD8-8F93-B8C24895F39B}.Debug|Any CPU.Build.0 = Debug|Any CPU
		{CCD85EE8-C88D-4CD8-8F93-B8C24895F39B}.Release|Any CPU.ActiveCfg = Release|Any CPU
		{CCD85EE8-C88D-4CD8-8F93-B8C24895F39B}.Release|Any CPU.Build.0 = Release|Any CPU
		{CD052F95-E989-4458-A6DA-2CCC534384EB}.Debug|Any CPU.ActiveCfg = Debug|Any CPU
		{CD052F95-E989-4458-A6DA-2CCC534384EB}.Debug|Any CPU.Build.0 = Debug|Any CPU
		{CD052F95-E989-4458-A6DA-2CCC534384EB}.Release|Any CPU.ActiveCfg = Release|Any CPU
		{CD052F95-E989-4458-A6DA-2CCC534384EB}.Release|Any CPU.Build.0 = Release|Any CPU
		{699EE9C3-9E42-403B-9889-77A49A36EA45}.Debug|Any CPU.ActiveCfg = Debug|Any CPU
		{699EE9C3-9E42-403B-9889-77A49A36EA45}.Debug|Any CPU.Build.0 = Debug|Any CPU
		{699EE9C3-9E42-403B-9889-77A49A36EA45}.Release|Any CPU.ActiveCfg = Release|Any CPU
		{699EE9C3-9E42-403B-9889-77A49A36EA45}.Release|Any CPU.Build.0 = Release|Any CPU
		{EB1B7933-6267-4904-81E3-75A2759909CF}.Debug|Any CPU.ActiveCfg = Debug|Any CPU
		{EB1B7933-6267-4904-81E3-75A2759909CF}.Debug|Any CPU.Build.0 = Debug|Any CPU
		{EB1B7933-6267-4904-81E3-75A2759909CF}.Release|Any CPU.ActiveCfg = Release|Any CPU
		{EB1B7933-6267-4904-81E3-75A2759909CF}.Release|Any CPU.Build.0 = Release|Any CPU
		{83418076-D13F-4B48-8A3D-FF5FE3F221DD}.Debug|Any CPU.ActiveCfg = Debug|Any CPU
		{83418076-D13F-4B48-8A3D-FF5FE3F221DD}.Debug|Any CPU.Build.0 = Debug|Any CPU
		{83418076-D13F-4B48-8A3D-FF5FE3F221DD}.Release|Any CPU.ActiveCfg = Release|Any CPU
		{83418076-D13F-4B48-8A3D-FF5FE3F221DD}.Release|Any CPU.Build.0 = Release|Any CPU
	EndGlobalSection
	GlobalSection(SolutionProperties) = preSolution
		HideSolutionNode = FALSE
	EndGlobalSection
	GlobalSection(ExtensibilityGlobals) = postSolution
		SolutionGuid = {03F1161E-9F2A-4FD5-BCEB-CE47C6647D21}
	EndGlobalSection
EndGlobal
